{
  "requires": true,
  "lockfileVersion": 1,
  "dependencies": {
    "ansi-regex": {
      "version": "3.0.0",
      "resolved": "https://registry.npmjs.org/ansi-regex/-/ansi-regex-3.0.0.tgz",
      "integrity": "sha1-7QMXwyIGT3lGbAKWa922Bas32Zg="
    },
    "flat": {
      "version": "4.1.0",
      "resolved": "https://registry.npmjs.org/flat/-/flat-4.1.0.tgz",
      "integrity": "sha512-Px/TiLIznH7gEDlPXcUD4KnBusa6kR6ayRUVcnEAbreRIuhkqow/mun59BuRXwoYk7ZQOLW1ZM05ilIvK38hFw==",
      "requires": {
        "is-buffer": "~2.0.3"
      }
    },
    "is-buffer": {
      "version": "2.0.4",
      "resolved": "https://registry.npmjs.org/is-buffer/-/is-buffer-2.0.4.tgz",
      "integrity": "sha512-Kq1rokWXOPXWuaMAqZiJW4XxsmD9zGx9q4aePabbn3qCRGedtH7Cm+zV8WETitMfu1wdh+Rvd6w5egwSngUX2A=="
    },
    "oyaml": {
      "version": "0.1.5",
      "resolved": "https://registry.npmjs.org/oyaml/-/oyaml-0.1.5.tgz",
      "integrity": "sha512-ErNRWHMFke8URCA/y0qqSKILr5zhRi104xJTV7/Mhfey0t3HlHaIuY4tpIvqfGLVGRRr5UkcCT0DdjX8eMaYdA==",
      "requires": {
        "flat": "^4.1.0",
        "strip-ansi": "^4.0.0"
      }
    },
    "strip-ansi": {
      "version": "4.0.0",
      "resolved": "https://registry.npmjs.org/strip-ansi/-/strip-ansi-4.0.0.tgz",
      "integrity": "sha1-qEeQIusaw2iocTibY1JixQXuNo8=",
      "requires": {
        "ansi-regex": "^3.0.0"
      }
    },
    "sys": {
      "version": "0.0.1",
      "resolved": "https://registry.npmjs.org/sys/-/sys-0.0.1.tgz",
      "integrity": "sha1-NIDMaVcUkFt6vOUKVaWjmFmX5hk="
    }
  }
}
